
Microsoft Visual Studio Solution File, Format Version 12.00
# Visual Studio Version 17
VisualStudioVersion = 17.7.34018.315
MinimumVisualStudioVersion = 10.0.40219.1
Project("{FAE04EC0-301F-11D3-BF4B-00C04F79EFBC}") = "CropChange", "CropChange\CropChange.csproj", "{0C70CFCF-EDF7-44B9-B2BC-5386029195BC}"
EndProject
Global
	GlobalSection(SolutionConfigurationPlatforms) = preSolution
		Debug|Any CPU = Debug|Any CPU
		Release|Any CPU = Release|Any CPU
	EndGlobalSection
	GlobalSection(ProjectConfigurationPlatforms) = postSolution
		{0C70CFCF-EDF7-44B9-B2BC-5386029195BC}.Debug|Any CPU.ActiveCfg = Debug|Any CPU
		{0C70CFCF-EDF7-44B9-B2BC-5386029195BC}.Debug|Any CPU.Build.0 = Debug|Any CPU
		{0C70CFCF-EDF7-44B9-B2BC-5386029195BC}.Release|Any CPU.ActiveCfg = Release|Any CPU
		{0C70CFCF-EDF7-44B9-B2BC-5386029195BC}.Release|Any CPU.Build.0 = Release|Any CPU
	EndGlobalSection
	GlobalSection(SolutionProperties) = preSolution
		HideSolutionNode = FALSE
	EndGlobalSection
	GlobalSection(ExtensibilityGlobals) = postSolution
		SolutionGuid = {5C939A26-EA45-4D98-B9EC-F75A57B5098D}
	EndGlobalSection
EndGlobal
